
Microsoft Visual Studio Solution File, Format Version 12.00
# Visual Studio Version 17
VisualStudioVersion = 17.5.002.0
MinimumVisualStudioVersion = 10.0.40219.1
Project("{9A19103F-16F7-4668-BE54-9A1E7A4F7556}") = "CliTemplate", "templates\CliTemplate.csproj", "{D528C23D-A4F4-4B3D-9C6C-E54C88FFD9FE}"
EndProject
Project("{2150E333-8FDC-42A3-9474-1A3956D46DE8}") = "templates", "templates", "{AF77AAE1-C57F-434C-A7A9-14C4CDF63E64}"
EndProject
Project("{2150E333-8FDC-42A3-9474-1A3956D46DE8}") = "cli-tool", "cli-tool", "{54E622D7-DEB0-40F5-B150-059B743C1369}"
EndProject
Project("{9A19103F-16F7-4668-BE54-9A1E7A4F7556}") = "CompanyName.ProjectName.Cli", "templates\cli-tool\CompanyName.ProjectName.Cli\CompanyName.ProjectName.Cli.csproj", "{667902F6-A688-4164-BE2B-807A717041DB}"
EndProject
Global
	GlobalSection(SolutionConfigurationPlatforms) = preSolution
		Debug|Any CPU = Debug|Any CPU
		Release|Any CPU = Release|Any CPU
	EndGlobalSection
	GlobalSection(ProjectConfigurationPlatforms) = postSolution
		{D528C23D-A4F4-4B3D-9C6C-E54C88FFD9FE}.Debug|Any CPU.ActiveCfg = Debug|Any CPU
		{D528C23D-A4F4-4B3D-9C6C-E54C88FFD9FE}.Debug|Any CPU.Build.0 = Debug|Any CPU
		{D528C23D-A4F4-4B3D-9C6C-E54C88FFD9FE}.Release|Any CPU.ActiveCfg = Release|Any CPU
		{D528C23D-A4F4-4B3D-9C6C-E54C88FFD9FE}.Release|Any CPU.Build.0 = Release|Any CPU
		{667902F6-A688-4164-BE2B-807A717041DB}.Debug|Any CPU.ActiveCfg = Debug|Any CPU
		{667902F6-A688-4164-BE2B-807A717041DB}.Debug|Any CPU.Build.0 = Debug|Any CPU
		{667902F6-A688-4164-BE2B-807A717041DB}.Release|Any CPU.ActiveCfg = Release|Any CPU
		{667902F6-A688-4164-BE2B-807A717041DB}.Release|Any CPU.Build.0 = Release|Any CPU
	EndGlobalSection
	GlobalSection(SolutionProperties) = preSolution
		HideSolutionNode = FALSE
	EndGlobalSection
	GlobalSection(NestedProjects) = preSolution
		{54E622D7-DEB0-40F5-B150-059B743C1369} = {AF77AAE1-C57F-434C-A7A9-14C4CDF63E64}
		{667902F6-A688-4164-BE2B-807A717041DB} = {54E622D7-DEB0-40F5-B150-059B743C1369}
	EndGlobalSection
	GlobalSection(ExtensibilityGlobals) = postSolution
		SolutionGuid = {5D54C19C-7AE4-49DB-800D-A422FA532636}
	EndGlobalSection
EndGlobal
